// !$*UTF8*$!
{
	archiveVersion = 1;
	classes = {
	};
	objectVersion = 55;
	objects = {

/* Begin PBXBuildFile section */
		1B086C632858633C00E82094 /* AppDelegate.swift in Sources */ = {isa = PBXBuildFile; fileRef = 1B086C622858633C00E82094 /* AppDelegate.swift */; };
		1B086C652858633C00E82094 /* SceneDelegate.swift in Sources */ = {isa = PBXBuildFile; fileRef = 1B086C642858633C00E82094 /* SceneDelegate.swift */; };
		1B086C672858633C00E82094 /* ViewController.swift in Sources */ = {isa = PBXBuildFile; fileRef = 1B086C662858633C00E82094 /* ViewController.swift */; };
		1B086C6A2858633C00E82094 /* Main.storyboard in Resources */ = {isa = PBXBuildFile; fileRef = 1B086C682858633C00E82094 /* Main.storyboard */; };
		1B086C6C2858633D00E82094 /* Assets.xcassets in Resources */ = {isa = PBXBuildFile; fileRef = 1B086C6B2858633D00E82094 /* Assets.xcassets */; };
		1B086C6F2858633D00E82094 /* LaunchScreen.storyboard in Resources */ = {isa = PBXBuildFile; fileRef = 1B086C6D2858633D00E82094 /* LaunchScreen.storyboard */; };
		1B086C7A285869AE00E82094 /* TableViewCell.swift in Sources */ = {isa = PBXBuildFile; fileRef = 1B086C79285869AE00E82094 /* TableViewCell.swift */; };
		1B086C7C285869C000E82094 /* CollectionViewCell.swift in Sources */ = {isa = PBXBuildFile; fileRef = 1B086C7B285869C000E82094 /* CollectionViewCell.swift */; };
		1B1CCE1A28607589009F531E /* Globals.swift in Sources */ = {isa = PBXBuildFile; fileRef = 1B1CCE1928607589009F531E /* Globals.swift */; };
		1B1CCE2128609A85009F531E /* ReqestsToApi.swift in Sources */ = {isa = PBXBuildFile; fileRef = 1B1CCE2028609A85009F531E /* ReqestsToApi.swift */; };
		1B1CCE232860A6BB009F531E /* FilesList.swift in Sources */ = {isa = PBXBuildFile; fileRef = 1B1CCE222860A6BB009F531E /* FilesList.swift */; };
		251C71D35B33EEE1152FD29B /* Pods_withStoryboards.framework in Frameworks */ = {isa = PBXBuildFile; fileRef = 69D24FF070E20C59BDDAAB35 /* Pods_withStoryboards.framework */; };
/* End PBXBuildFile section */

/* Begin PBXFileReference section */
		1B086C5F2858633C00E82094 /* withStoryboards.app */ = {isa = PBXFileReference; explicitFileType = wrapper.application; includeInIndex = 0; path = withStoryboards.app; sourceTree = BUILT_PRODUCTS_DIR; };
		1B086C622858633C00E82094 /* AppDelegate.swift */ = {isa = PBXFileReference; lastKnownFileType = sourcecode.swift; path = AppDelegate.swift; sourceTree = "<group>"; };
		1B086C642858633C00E82094 /* SceneDelegate.swift */ = {isa = PBXFileReference; lastKnownFileType = sourcecode.swift; path = SceneDelegate.swift; sourceTree = "<group>"; };
		1B086C662858633C00E82094 /* ViewController.swift */ = {isa = PBXFileReference; lastKnownFileType = sourcecode.swift; path = ViewController.swift; sourceTree = "<group>"; };
		1B086C692858633C00E82094 /* Base */ = {isa = PBXFileReference; lastKnownFileType = file.storyboard; name = Base; path = Base.lproj/Main.storyboard; sourceTree = "<group>"; };
		1B086C6B2858633D00E82094 /* Assets.xcassets */ = {isa = PBXFileReference; lastKnownFileType = folder.assetcatalog; path = Assets.xcassets; sourceTree = "<group>"; };
		1B086C6E2858633D00E82094 /* Base */ = {isa = PBXFileReference; lastKnownFileType = file.storyboard; name = Base; path = Base.lproj/LaunchScreen.storyboard; sourceTree = "<group>"; };
		1B086C702858633D00E82094 /* Info.plist */ = {isa = PBXFileReference; lastKnownFileType = text.plist.xml; path = Info.plist; sourceTree = "<group>"; };
		1B086C79285869AE00E82094 /* TableViewCell.swift */ = {isa = PBXFileReference; lastKnownFileType = sourcecode.swift; path = TableViewCell.swift; sourceTree = "<group>"; };
		1B086C7B285869C000E82094 /* CollectionViewCell.swift */ = {isa = PBXFileReference; lastKnownFileType = sourcecode.swift; path = CollectionViewCell.swift; sourceTree = "<group>"; };
		1B1CCE1928607589009F531E /* Globals.swift */ = {isa = PBXFileReference; lastKnownFileType = sourcecode.swift; path = Globals.swift; sourceTree = "<group>"; };
		1B1CCE2028609A85009F531E /* ReqestsToApi.swift */ = {isa = PBXFileReference; lastKnownFileType = sourcecode.swift; path = ReqestsToApi.swift; sourceTree = "<group>"; };
		1B1CCE222860A6BB009F531E /* FilesList.swift */ = {isa = PBXFileReference; lastKnownFileType = sourcecode.swift; path = FilesList.swift; sourceTree = "<group>"; };
		69D24FF070E20C59BDDAAB35 /* Pods_withStoryboards.framework */ = {isa = PBXFileReference; explicitFileType = wrapper.framework; includeInIndex = 0; path = Pods_withStoryboards.framework; sourceTree = BUILT_PRODUCTS_DIR; };
		88C4C55FF54455F81F9CE502 /* Pods-withStoryboards.release.xcconfig */ = {isa = PBXFileReference; includeInIndex = 1; lastKnownFileType = text.xcconfig; name = "Pods-withStoryboards.release.xcconfig"; path = "Target Support Files/Pods-withStoryboards/Pods-withStoryboards.release.xcconfig"; sourceTree = "<group>"; };
		9FF5A8ED5E492A4B35396B8A /* Pods-withStoryboards.debug.xcconfig */ = {isa = PBXFileReference; includeInIndex = 1; lastKnownFileType = text.xcconfig; name = "Pods-withStoryboards.debug.xcconfig"; path = "Target Support Files/Pods-withStoryboards/Pods-withStoryboards.debug.xcconfig"; sourceTree = "<group>"; };
/* End PBXFileReference section */

/* Begin PBXFrameworksBuildPhase section */
		1B086C5C2858633C00E82094 /* Frameworks */ = {
			isa = PBXFrameworksBuildPhase;
			buildActionMask = 2147483647;
			files = (
				251C71D35B33EEE1152FD29B /* Pods_withStoryboards.framework in Frameworks */,
			);
			runOnlyForDeploymentPostprocessing = 0;
		};
/* End PBXFrameworksBuildPhase section */

/* Begin PBXGroup section */
		1B086C562858633C00E82094 = {
			isa = PBXGroup;
			children = (
				1B086C612858633C00E82094 /* withStoryboards */,
				1B086C602858633C00E82094 /* Products */,
				577DE34084AB64236A4FD443 /* Pods */,
				6FDA07A83179A88FD0E40F6F /* Frameworks */,
			);
			sourceTree = "<group>";
		};
		1B086C602858633C00E82094 /* Products */ = {
			isa = PBXGroup;
			children = (
				1B086C5F2858633C00E82094 /* withStoryboards.app */,
			);
			name = Products;
			sourceTree = "<group>";
		};
		1B086C612858633C00E82094 /* withStoryboards */ = {
			isa = PBXGroup;
			children = (
				1B1CCE1F286098E7009F531E /* Google Api */,
				1B086C782858697B00E82094 /* Models */,
				1B086C772858697400E82094 /* Controllers */,
				1B086C762858696E00E82094 /* Views */,
				1B086C622858633C00E82094 /* AppDelegate.swift */,
				1B086C642858633C00E82094 /* SceneDelegate.swift */,
				1B086C682858633C00E82094 /* Main.storyboard */,
				1B086C6B2858633D00E82094 /* Assets.xcassets */,
				1B086C6D2858633D00E82094 /* LaunchScreen.storyboard */,
				1B086C702858633D00E82094 /* Info.plist */,
			);
			path = withStoryboards;
			sourceTree = "<group>";
		};
		1B086C762858696E00E82094 /* Views */ = {
			isa = PBXGroup;
			children = (
				1B086C79285869AE00E82094 /* TableViewCell.swift */,
				1B086C7B285869C000E82094 /* CollectionViewCell.swift */,
			);
			path = Views;
			sourceTree = "<group>";
		};
		1B086C772858697400E82094 /* Controllers */ = {
			isa = PBXGroup;
			children = (
				1B086C662858633C00E82094 /* ViewController.swift */,
			);
			path = Controllers;
			sourceTree = "<group>";
		};
		1B086C782858697B00E82094 /* Models */ = {
			isa = PBXGroup;
			children = (
				1B1CCE222860A6BB009F531E /* FilesList.swift */,
			);
			path = Models;
			sourceTree = "<group>";
		};
		1B1CCE1F286098E7009F531E /* Google Api */ = {
			isa = PBXGroup;
			children = (
				1B1CCE1928607589009F531E /* Globals.swift */,
				1B1CCE2028609A85009F531E /* ReqestsToApi.swift */,
			);
			path = "Google Api";
			sourceTree = "<group>";
		};
		577DE34084AB64236A4FD443 /* Pods */ = {
			isa = PBXGroup;
			children = (
				9FF5A8ED5E492A4B35396B8A /* Pods-withStoryboards.debug.xcconfig */,
				88C4C55FF54455F81F9CE502 /* Pods-withStoryboards.release.xcconfig */,
			);
			path = Pods;
			sourceTree = "<group>";
		};
		6FDA07A83179A88FD0E40F6F /* Frameworks */ = {
			isa = PBXGroup;
			children = (
				69D24FF070E20C59BDDAAB35 /* Pods_withStoryboards.framework */,
			);
			name = Frameworks;
			sourceTree = "<group>";
		};
/* End PBXGroup section */

/* Begin PBXNativeTarget section */
		1B086C5E2858633C00E82094 /* withStoryboards */ = {
			isa = PBXNativeTarget;
			buildConfigurationList = 1B086C732858633D00E82094 /* Build configuration list for PBXNativeTarget "withStoryboards" */;
			buildPhases = (
				138AEA3B3A52AAF561118D36 /* [CP] Check Pods Manifest.lock */,
				1B086C5B2858633C00E82094 /* Sources */,
				1B086C5C2858633C00E82094 /* Frameworks */,
				1B086C5D2858633C00E82094 /* Resources */,
				58AB55CB3B7AE24186EB8127 /* [CP] Embed Pods Frameworks */,
			);
			buildRules = (
			);
			dependencies = (
			);
			name = withStoryboards;
			productName = withStoryboards;
			productReference = 1B086C5F2858633C00E82094 /* withStoryboards.app */;
			productType = "com.apple.product-type.application";
		};
/* End PBXNativeTarget section */

/* Begin PBXProject section */
		1B086C572858633C00E82094 /* Project object */ = {
			isa = PBXProject;
			attributes = {
				BuildIndependentTargetsInParallel = 1;
				LastSwiftUpdateCheck = 1340;
				LastUpgradeCheck = 1340;
				TargetAttributes = {
					1B086C5E2858633C00E82094 = {
						CreatedOnToolsVersion = 13.4.1;
					};
				};
			};
			buildConfigurationList = 1B086C5A2858633C00E82094 /* Build configuration list for PBXProject "withStoryboards" */;
			compatibilityVersion = "Xcode 13.0";
			developmentRegion = en;
			hasScannedForEncodings = 0;
			knownRegions = (
				en,
				Base,
			);
			mainGroup = 1B086C562858633C00E82094;
			productRefGroup = 1B086C602858633C00E82094 /* Products */;
			projectDirPath = "";
			projectRoot = "";
			targets = (
				1B086C5E2858633C00E82094 /* withStoryboards */,
			);
		};
/* End PBXProject section */

/* Begin PBXResourcesBuildPhase section */
		1B086C5D2858633C00E82094 /* Resources */ = {
			isa = PBXResourcesBuildPhase;
			buildActionMask = 2147483647;
			files = (
				1B086C6F2858633D00E82094 /* LaunchScreen.storyboard in Resources */,
				1B086C6C2858633D00E82094 /* Assets.xcassets in Resources */,
				1B086C6A2858633C00E82094 /* Main.storyboard in Resources */,
			);
			runOnlyForDeploymentPostprocessing = 0;
		};
/* End PBXResourcesBuildPhase section */

/* Begin PBXShellScriptBuildPhase section */
		138AEA3B3A52AAF561118D36 /* [CP] Check Pods Manifest.lock */ = {
			isa = PBXShellScriptBuildPhase;
			buildActionMask = 2147483647;
			files = (
			);
			inputFileListPaths = (
			);
			inputPaths = (
				"${PODS_PODFILE_DIR_PATH}/Podfile.lock",
				"${PODS_ROOT}/Manifest.lock",
			);
			name = "[CP] Check Pods Manifest.lock";
			outputFileListPaths = (
			);
			outputPaths = (
				"$(DERIVED_FILE_DIR)/Pods-withStoryboards-checkManifestLockResult.txt",
			);
			runOnlyForDeploymentPostprocessing = 0;
			shellPath = /bin/sh;
			shellScript = "diff \"${PODS_PODFILE_DIR_PATH}/Podfile.lock\" \"${PODS_ROOT}/Manifest.lock\" > /dev/null\nif [ $? != 0 ] ; then\n    # print error to STDERR\n    echo \"error: The sandbox is not in sync with the Podfile.lock. Run 'pod install' or update your CocoaPods installation.\" >&2\n    exit 1\nfi\n# This output is used by Xcode 'outputs' to avoid re-running this script phase.\necho \"SUCCESS\" > \"${SCRIPT_OUTPUT_FILE_0}\"\n";
			showEnvVarsInLog = 0;
		};
		58AB55CB3B7AE24186EB8127 /* [CP] Embed Pods Frameworks */ = {
			isa = PBXShellScriptBuildPhase;
			buildActionMask = 2147483647;
			files = (
			);
			inputFileListPaths = (
				"${PODS_ROOT}/Target Support Files/Pods-withStoryboards/Pods-withStoryboards-frameworks-${CONFIGURATION}-input-files.xcfilelist",
			);
			name = "[CP] Embed Pods Frameworks";
			outputFileListPaths = (
				"${PODS_ROOT}/Target Support Files/Pods-withStoryboards/Pods-withStoryboards-frameworks-${CONFIGURATION}-output-files.xcfilelist",
			);
			runOnlyForDeploymentPostprocessing = 0;
			shellPath = /bin/sh;
			shellScript = "\"${PODS_ROOT}/Target Support Files/Pods-withStoryboards/Pods-withStoryboards-frameworks.sh\"\n";
			showEnvVarsInLog = 0;
		};
/* End PBXShellScriptBuildPhase section */

/* Begin PBXSourcesBuildPhase section */
		1B086C5B2858633C00E82094 /* Sources */ = {
			isa = PBXSourcesBuildPhase;
			buildActionMask = 2147483647;
			files = (
				1B086C7C285869C000E82094 /* CollectionViewCell.swift in Sources */,
				1B1CCE2128609A85009F531E /* ReqestsToApi.swift in Sources */,
				1B086C672858633C00E82094 /* ViewController.swift in Sources */,
				1B1CCE232860A6BB009F531E /* FilesList.swift in Sources */,
				1B1CCE1A28607589009F531E /* Globals.swift in Sources */,
				1B086C7A285869AE00E82094 /* TableViewCell.swift in Sources */,
				1B086C632858633C00E82094 /* AppDelegate.swift in Sources */,
				1B086C652858633C00E82094 /* SceneDelegate.swift in Sources */,
			);
			runOnlyForDeploymentPostprocessing = 0;
		};
/* End PBXSourcesBuildPhase section */

/* Begin PBXVariantGroup section */
		1B086C682858633C00E82094 /* Main.storyboard */ = {
			isa = PBXVariantGroup;
			children = (
				1B086C692858633C00E82094 /* Base */,
			);
			name = Main.storyboard;
			sourceTree = "<group>";
		};
		1B086C6D2858633D00E82094 /* LaunchScreen.storyboard */ = {
			isa = PBXVariantGroup;
			children = (
				1B086C6E2858633D00E82094 /* Base */,
			);
			name = LaunchScreen.storyboard;
			sourceTree = "<group>";
		};
/* End PBXVariantGroup section */

/* Begin XCBuildConfiguration section */
		1B086C712858633D00E82094 /* Debug */ = {
			isa = XCBuildConfiguration;
			buildSettings = {
				ALWAYS_SEARCH_USER_PATHS = NO;
				CLANG_ANALYZER_NONNULL = YES;
				CLANG_ANALYZER_NUMBER_OBJECT_CONVERSION = YES_AGGRESSIVE;
				CLANG_CXX_LANGUAGE_STANDARD = "gnu++17";
				CLANG_ENABLE_MODULES = YES;
				CLANG_ENABLE_OBJC_ARC = YES;
				CLANG_ENABLE_OBJC_WEAK = YES;
				CLANG_WARN_BLOCK_CAPTURE_AUTORELEASING = YES;
				CLANG_WARN_BOOL_CONVERSION = YES;
				CLANG_WARN_COMMA = YES;
				CLANG_WARN_CONSTANT_CONVERSION = YES;
				CLANG_WARN_DEPRECATED_OBJC_IMPLEMENTATIONS = YES;
				CLANG_WARN_DIRECT_OBJC_ISA_USAGE = YES_ERROR;
				CLANG_WARN_DOCUMENTATION_COMMENTS = YES;
				CLANG_WARN_EMPTY_BODY = YES;
				CLANG_WARN_ENUM_CONVERSION = YES;
				CLANG_WARN_INFINITE_RECURSION = YES;
				CLANG_WARN_INT_CONVERSION = YES;
				CLANG_WARN_NON_LITERAL_NULL_CONVERSION = YES;
				CLANG_WARN_OBJC_IMPLICIT_RETAIN_SELF = YES;
				CLANG_WARN_OBJC_LITERAL_CONVERSION = YES;
				CLANG_WARN_OBJC_ROOT_CLASS = YES_ERROR;
				CLANG_WARN_QUOTED_INCLUDE_IN_FRAMEWORK_HEADER = YES;
				CLANG_WARN_RANGE_LOOP_ANALYSIS = YES;
				CLANG_WARN_STRICT_PROTOTYPES = YES;
				CLANG_WARN_SUSPICIOUS_MOVE = YES;
				CLANG_WARN_UNGUARDED_AVAILABILITY = YES_AGGRESSIVE;
				CLANG_WARN_UNREACHABLE_CODE = YES;
				CLANG_WARN__DUPLICATE_METHOD_MATCH = YES;
				COPY_PHASE_STRIP = NO;
				DEBUG_INFORMATION_FORMAT = dwarf;
				ENABLE_STRICT_OBJC_MSGSEND = YES;
				ENABLE_TESTABILITY = YES;
				GCC_C_LANGUAGE_STANDARD = gnu11;
				GCC_DYNAMIC_NO_PIC = NO;
				GCC_NO_COMMON_BLOCKS = YES;
				GCC_OPTIMIZATION_LEVEL = 0;
				GCC_PREPROCESSOR_DEFINITIONS = (
					"DEBUG=1",
					"$(inherited)",
				);
				GCC_WARN_64_TO_32_BIT_CONVERSION = YES;
				GCC_WARN_ABOUT_RETURN_TYPE = YES_ERROR;
				GCC_WARN_UNDECLARED_SELECTOR = YES;
				GCC_WARN_UNINITIALIZED_AUTOS = YES_AGGRESSIVE;
				GCC_WARN_UNUSED_FUNCTION = YES;
				GCC_WARN_UNUSED_VARIABLE = YES;
				IPHONEOS_DEPLOYMENT_TARGET = 15.5;
				MTL_ENABLE_DEBUG_INFO = INCLUDE_SOURCE;
				MTL_FAST_MATH = YES;
				ONLY_ACTIVE_ARCH = YES;
				SDKROOT = iphoneos;
				SWIFT_ACTIVE_COMPILATION_CONDITIONS = DEBUG;
				SWIFT_OPTIMIZATION_LEVEL = "-Onone";
			};
			name = Debug;
		};
		1B086C722858633D00E82094 /* Release */ = {
			isa = XCBuildConfiguration;
			buildSettings = {
				ALWAYS_SEARCH_USER_PATHS = NO;
				CLANG_ANALYZER_NONNULL = YES;
				CLANG_ANALYZER_NUMBER_OBJECT_CONVERSION = YES_AGGRESSIVE;
				CLANG_CXX_LANGUAGE_STANDARD = "gnu++17";
				CLANG_ENABLE_MODULES = YES;
				CLANG_ENABLE_OBJC_ARC = YES;
				CLANG_ENABLE_OBJC_WEAK = YES;
				CLANG_WARN_BLOCK_CAPTURE_AUTORELEASING = YES;
				CLANG_WARN_BOOL_CONVERSION = YES;
				CLANG_WARN_COMMA = YES;
				CLANG_WARN_CONSTANT_CONVERSION = YES;
				CLANG_WARN_DEPRECATED_OBJC_IMPLEMENTATIONS = YES;
				CLANG_WARN_DIRECT_OBJC_ISA_USAGE = YES_ERROR;
				CLANG_WARN_DOCUMENTATION_COMMENTS = YES;
				CLANG_WARN_EMPTY_BODY = YES;
				CLANG_WARN_ENUM_CONVERSION = YES;
				CLANG_WARN_INFINITE_RECURSION = YES;
				CLANG_WARN_INT_CONVERSION = YES;
				CLANG_WARN_NON_LITERAL_NULL_CONVERSION = YES;
				CLANG_WARN_OBJC_IMPLICIT_RETAIN_SELF = YES;
				CLANG_WARN_OBJC_LITERAL_CONVERSION = YES;
				CLANG_WARN_OBJC_ROOT_CLASS = YES_ERROR;
				CLANG_WARN_QUOTED_INCLUDE_IN_FRAMEWORK_HEADER = YES;
				CLANG_WARN_RANGE_LOOP_ANALYSIS = YES;
				CLANG_WARN_STRICT_PROTOTYPES = YES;
				CLANG_WARN_SUSPICIOUS_MOVE = YES;
				CLANG_WARN_UNGUARDED_AVAILABILITY = YES_AGGRESSIVE;
				CLANG_WARN_UNREACHABLE_CODE = YES;
				CLANG_WARN__DUPLICATE_METHOD_MATCH = YES;
				COPY_PHASE_STRIP = NO;
				DEBUG_INFORMATION_FORMAT = "dwarf-with-dsym";
				ENABLE_NS_ASSERTIONS = NO;
				ENABLE_STRICT_OBJC_MSGSEND = YES;
				GCC_C_LANGUAGE_STANDARD = gnu11;
				GCC_NO_COMMON_BLOCKS = YES;
				GCC_WARN_64_TO_32_BIT_CONVERSION = YES;
				GCC_WARN_ABOUT_RETURN_TYPE = YES_ERROR;
				GCC_WARN_UNDECLARED_SELECTOR = YES;
				GCC_WARN_UNINITIALIZED_AUTOS = YES_AGGRESSIVE;
				GCC_WARN_UNUSED_FUNCTION = YES;
				GCC_WARN_UNUSED_VARIABLE = YES;
				IPHONEOS_DEPLOYMENT_TARGET = 15.5;
				MTL_ENABLE_DEBUG_INFO = NO;
				MTL_FAST_MATH = YES;
				SDKROOT = iphoneos;
				SWIFT_COMPILATION_MODE = wholemodule;
				SWIFT_OPTIMIZATION_LEVEL = "-O";
				VALIDATE_PRODUCT = YES;
			};
			name = Release;
		};
		1B086C742858633D00E82094 /* Debug */ = {
			isa = XCBuildConfiguration;
			baseConfigurationReference = 9FF5A8ED5E492A4B35396B8A /* Pods-withStoryboards.debug.xcconfig */;
			buildSettings = {
				ASSETCATALOG_COMPILER_APPICON_NAME = AppIcon;
				ASSETCATALOG_COMPILER_GLOBAL_ACCENT_COLOR_NAME = AccentColor;
				CODE_SIGN_STYLE = Automatic;
				CURRENT_PROJECT_VERSION = 1;
				DEVELOPMENT_TEAM = 8M5L73RX22;
				GENERATE_INFOPLIST_FILE = YES;
				INFOPLIST_FILE = withStoryboards/Info.plist;
				INFOPLIST_KEY_UIApplicationSupportsIndirectInputEvents = YES;
				INFOPLIST_KEY_UILaunchStoryboardName = LaunchScreen;
				INFOPLIST_KEY_UIMainStoryboardFile = Main;
				INFOPLIST_KEY_UISupportedInterfaceOrientations_iPad = "UIInterfaceOrientationPortrait UIInterfaceOrientationPortraitUpsideDown UIInterfaceOrientationLandscapeLeft UIInterfaceOrientationLandscapeRight";
				INFOPLIST_KEY_UISupportedInterfaceOrientations_iPhone = "UIInterfaceOrientationPortrait UIInterfaceOrientationLandscapeLeft UIInterfaceOrientationLandscapeRight";
				LD_RUNPATH_SEARCH_PATHS = (
					"$(inherited)",
					"@executable_path/Frameworks",
				);
				MARKETING_VERSION = 1.0;
				PRODUCT_BUNDLE_IDENTIFIER = sad.withStoryboards;
				PRODUCT_NAME = "$(TARGET_NAME)";
				SWIFT_EMIT_LOC_STRINGS = YES;
				SWIFT_VERSION = 5.0;
				TARGETED_DEVICE_FAMILY = "1,2";
			};
			name = Debug;
		};
		1B086C752858633D00E82094 /* Release */ = {
			isa = XCBuildConfiguration;
			baseConfigurationReference = 88C4C55FF54455F81F9CE502 /* Pods-withStoryboards.release.xcconfig */;
			buildSettings = {
				ASSETCATALOG_COMPILER_APPICON_NAME = AppIcon;
				ASSETCATALOG_COMPILER_GLOBAL_ACCENT_COLOR_NAME = AccentColor;
				CODE_SIGN_STYLE = Automatic;
				CURRENT_PROJECT_VERSION = 1;
				DEVELOPMENT_TEAM = 8M5L73RX22;
				GENERATE_INFOPLIST_FILE = YES;
				INFOPLIST_FILE = withStoryboards/Info.plist;
				INFOPLIST_KEY_UIApplicationSupportsIndirectInputEvents = YES;
				INFOPLIST_KEY_UILaunchStoryboardName = LaunchScreen;
				INFOPLIST_KEY_UIMainStoryboardFile = Main;
				INFOPLIST_KEY_UISupportedInterfaceOrientations_iPad = "UIInterfaceOrientationPortrait UIInterfaceOrientationPortraitUpsideDown UIInterfaceOrientationLandscapeLeft UIInterfaceOrientationLandscapeRight";
				INFOPLIST_KEY_UISupportedInterfaceOrientations_iPhone = "UIInterfaceOrientationPortrait UIInterfaceOrientationLandscapeLeft UIInterfaceOrientationLandscapeRight";
				LD_RUNPATH_SEARCH_PATHS = (
					"$(inherited)",
					"@executable_path/Frameworks",
				);
				MARKETING_VERSION = 1.0;
				PRODUCT_BUNDLE_IDENTIFIER = sad.withStoryboards;
				PRODUCT_NAME = "$(TARGET_NAME)";
				SWIFT_EMIT_LOC_STRINGS = YES;
				SWIFT_VERSION = 5.0;
				TARGETED_DEVICE_FAMILY = "1,2";
			};
			name = Release;
		};
/* End XCBuildConfiguration section */

/* Begin XCConfigurationList section */
		1B086C5A2858633C00E82094 /* Build configuration list for PBXProject "withStoryboards" */ = {
			isa = XCConfigurationList;
			buildConfigurations = (
				1B086C712858633D00E82094 /* Debug */,
				1B086C722858633D00E82094 /* Release */,
			);
			defaultConfigurationIsVisible = 0;
			defaultConfigurationName = Release;
		};
		1B086C732858633D00E82094 /* Build configuration list for PBXNativeTarget "withStoryboards" */ = {
			isa = XCConfigurationList;
			buildConfigurations = (
				1B086C742858633D00E82094 /* Debug */,
				1B086C752858633D00E82094 /* Release */,
			);
			defaultConfigurationIsVisible = 0;
			defaultConfigurationName = Release;
		};
/* End XCConfigurationList section */
	};
	rootObject = 1B086C572858633C00E82094 /* Project object */;
}
